
Microsoft Visual Studio Solution File, Format Version 12.00
Project("{2150E333-8FDC-42A3-9474-1A3956D46DE8}") = "src", "src", "{6548DD4A-F729-450B-B202-92AC3FF1EC41}"
EndProject
Project("{2150E333-8FDC-42A3-9474-1A3956D46DE8}") = "tests", "tests", "{68770919-473B-42DF-9E19-5AABDB8669F1}"
EndProject
Project("{FAE04EC0-301F-11D3-BF4B-00C04F79EFBC}") = "FileShare", "src\FileShare\FileShare.csproj", "{1ABBEFE7-CB85-4CEE-AB3C-962AEF4A480F}"
EndProject
Project("{2150E333-8FDC-42A3-9474-1A3956D46DE8}") = "dev", "dev", "{6950C3FB-84BE-4448-8902-91D783AD091E}"
	ProjectSection(SolutionItems) = preProject
		dev\local-services-docker-compose.yml = dev\local-services-docker-compose.yml
	EndProjectSection
EndProject
Project("{2150E333-8FDC-42A3-9474-1A3956D46DE8}") = "Solution Items", "Solution Items", "{64F561ED-46D8-4DA3-BF1F-FE09ADEF9869}"
	ProjectSection(SolutionItems) = preProject
		compose.yaml = compose.yaml
	EndProjectSection
EndProject
Global
	GlobalSection(SolutionConfigurationPlatforms) = preSolution
		Debug|Any CPU = Debug|Any CPU
		Release|Any CPU = Release|Any CPU
	EndGlobalSection
	GlobalSection(NestedProjects) = preSolution
		{1ABBEFE7-CB85-4CEE-AB3C-962AEF4A480F} = {6548DD4A-F729-450B-B202-92AC3FF1EC41}
	EndGlobalSection
	GlobalSection(ProjectConfigurationPlatforms) = postSolution
		{1ABBEFE7-CB85-4CEE-AB3C-962AEF4A480F}.Debug|Any CPU.ActiveCfg = Debug|Any CPU
		{1ABBEFE7-CB85-4CEE-AB3C-962AEF4A480F}.Debug|Any CPU.Build.0 = Debug|Any CPU
		{1ABBEFE7-CB85-4CEE-AB3C-962AEF4A480F}.Release|Any CPU.ActiveCfg = Release|Any CPU
		{1ABBEFE7-CB85-4CEE-AB3C-962AEF4A480F}.Release|Any CPU.Build.0 = Release|Any CPU
	EndGlobalSection
EndGlobal
